
Microsoft Visual Studio Solution File, Format Version 12.00
# Visual Studio Version 16
VisualStudioVersion = 16.0.31424.327
MinimumVisualStudioVersion = 10.0.40219.1
Project("{FAE04EC0-301F-11D3-BF4B-00C04F79EFBC}") = "Strategy", "Strategy\Strategy.csproj", "{C86479B1-141F-4391-9994-CEFCDA509A25}"
EndProject
Global
	GlobalSection(SolutionConfigurationPlatforms) = preSolution
		Debug|Any CPU = Debug|Any CPU
		Release|Any CPU = Release|Any CPU
	EndGlobalSection
	GlobalSection(ProjectConfigurationPlatforms) = postSolution
		{C86479B1-141F-4391-9994-CEFCDA509A25}.Debug|Any CPU.ActiveCfg = Debug|Any CPU
		{C86479B1-141F-4391-9994-CEFCDA509A25}.Debug|Any CPU.Build.0 = Debug|Any CPU
		{C86479B1-141F-4391-9994-CEFCDA509A25}.Release|Any CPU.ActiveCfg = Release|Any CPU
		{C86479B1-141F-4391-9994-CEFCDA509A25}.Release|Any CPU.Build.0 = Release|Any CPU
	EndGlobalSection
	GlobalSection(SolutionProperties) = preSolution
		HideSolutionNode = FALSE
	EndGlobalSection
	GlobalSection(ExtensibilityGlobals) = postSolution
		SolutionGuid = {223BAFD2-2A0B-4AE6-B154-62EB0B53F424}
	EndGlobalSection
EndGlobal
